<?xml version="1.0" encoding="utf-8"?>
<Project ToolsVersion="4.0" xmlns="http://schemas.microsoft.com/developer/msbuild/2003">
  <ItemGroup>
    <Filter Include="Form Files">
      <UniqueIdentifier>{99349809-55BA-4b9d-BF79-8FDBB0286EB3}</UniqueIdentifier>
      <Extensions>ui</Extensions>
      <ParseFiles>false</ParseFiles>
    </Filter>
    <Filter Include="Form Files">
      <UniqueIdentifier>{99349809-55BA-4b9d-BF79-8FDBB0286EB3}</UniqueIdentifier>
      <Extensions>ui</Extensions>
      <ParseFiles>false</ParseFiles>
    </Filter>
    <Filter Include="Generated Files">
      <UniqueIdentifier>{71ED8ED8-ACB9-4CE9-BBE1-E00B30144E11}</UniqueIdentifier>
      <Extensions>cpp;c;cxx;moc;h;def;odl;idl;res;</Extensions>
    </Filter>
    <Filter Include="Generated Files">
      <UniqueIdentifier>{71ED8ED8-ACB9-4CE9-BBE1-E00B30144E11}</UniqueIdentifier>
      <Extensions>cpp;c;cxx;moc;h;def;odl;idl;res;</Extensions>
    </Filter>
    <Filter Include="Header Files">
      <UniqueIdentifier>{93995380-89BD-4b04-88EB-625FBE52EBFB}</UniqueIdentifier>
      <Extensions>h;hpp;hxx;hm;inl;inc;xsd</Extensions>
    </Filter>
    <Filter Include="Header Files">
      <UniqueIdentifier>{93995380-89BD-4b04-88EB-625FBE52EBFB}</UniqueIdentifier>
      <Extensions>h;hpp;hxx;hm;inl;inc;xsd</Extensions>
    </Filter>
    <Filter Include="Resource Files">
      <UniqueIdentifier>{D9D6E242-F8AF-46E4-B9FD-80ECBC20BA3E}</UniqueIdentifier>
      <Extensions>qrc;*</Extensions>
      <ParseFiles>false</ParseFiles>
    </Filter>
    <Filter Include="Resource Files">
      <UniqueIdentifier>{D9D6E242-F8AF-46E4-B9FD-80ECBC20BA3E}</UniqueIdentifier>
      <Extensions>qrc;*</Extensions>
      <ParseFiles>false</ParseFiles>
    </Filter>
    <Filter Include="Source Files">
      <UniqueIdentifier>{4FC737F1-C7A5-4376-A066-2A32D752A2FF}</UniqueIdentifier>
      <Extensions>cpp;c;cxx;def;odl;idl;hpj;bat;asm;asmx</Extensions>
    </Filter>
    <Filter Include="Source Files">
      <UniqueIdentifier>{4FC737F1-C7A5-4376-A066-2A32D752A2FF}</UniqueIdentifier>
      <Extensions>cpp;c;cxx;def;odl;idl;hpj;bat;asm;asmx</Extensions>
    </Filter>
    <Filter Include="Generated Files\Debug">
      <UniqueIdentifier>{f08e932a-3857-44b1-8936-5812d8eafbf3}</UniqueIdentifier>
      <Extensions>cpp;moc</Extensions>
      <SourceControlFiles>False</SourceControlFiles>
    </Filter>
    <Filter Include="Generated Files\Release">
      <UniqueIdentifier>{c66ae3ec-4902-4fbf-9bc0-edc09dde099c}</UniqueIdentifier>
      <Extensions>cpp;moc</Extensions>
      <SourceControlFiles>False</SourceControlFiles>
    </Filter>
  </ItemGroup>
  <ItemGroup>
    <ClCompile Include="ASMCompilador\ADD.cpp">
      <Filter>Source Files</Filter>
    </ClCompile>
    <ClCompile Include="ASMCompilador\AND.cpp">
      <Filter>Source Files</Filter>
    </ClCompile>
    <ClCompile Include="ASMCompilador\BRA.cpp">
      <Filter>Source Files</Filter>
    </ClCompile>
    <ClCompile Include="ASMCompilador\CMP.cpp">
      <Filter>Source Files</Filter>
    </ClCompile>
    <ClCompile Include="ASMCompilador\Compilable.cpp">
      <Filter>Source Files</Filter>
    </ClCompile>
    <ClCompile Include="ASMCompilador\Compilador.cpp">
      <Filter>Source Files</Filter>
    </ClCompile>
    <ClCompile Include="ASMCompilador\Error.cpp">
      <Filter>Source Files</Filter>
    </ClCompile>
    <ClCompile Include="ASMCompilador\Etiqueta.cpp">
      <Filter>Source Files</Filter>
    </ClCompile>
    <ClCompile Include="ASMCompilador\EtiquetaP.cpp">
      <Filter>Source Files</Filter>
    </ClCompile>
    <ClCompile Include="ASMCompilador\Instruccion.cpp">
      <Filter>Source Files</Filter>
    </ClCompile>
    <ClCompile Include="ASMCompilador\InstruccionFactory.cpp">
      <Filter>Source Files</Filter>
    </ClCompile>
    <ClCompile Include="ASMCompilador\JMP.cpp">
      <Filter>Source Files</Filter>
    </ClCompile>
    <ClCompile Include="ASMCompilador\JR.cpp">
      <Filter>Source Files</Filter>
    </ClCompile>
    <ClCompile Include="ASMCompilador\LB.cpp">
      <Filter>Source Files</Filter>
    </ClCompile>
    <ClCompile Include="ASMCompilador\LI.cpp">
      <Filter>Source Files</Filter>
    </ClCompile>
    <ClCompile Include="ASMCompilador\LUI.cpp">
      <Filter>Source Files</Filter>
    </ClCompile>
    <ClCompile Include="ASMCompilador\LabelManager.cpp">
      <Filter>Source Files</Filter>
    </ClCompile>
    <ClCompile Include="ASMCompilador\MOV.cpp">
      <Filter>Source Files</Filter>
    </ClCompile>
    <ClCompile Include="ASMCompilador\Numero.cpp">
      <Filter>Source Files</Filter>
    </ClCompile>
    <ClCompile Include="ASMCompilador\OR.cpp">
      <Filter>Source Files</Filter>
    </ClCompile>
    <ClCompile Include="ASMCompilador\ParameterFactory.cpp">
      <Filter>Source Files</Filter>
    </ClCompile>
    <ClCompile Include="ASMCompilador\Parametro.cpp">
      <Filter>Source Files</Filter>
    </ClCompile>
    <ClCompile Include="ASMCompilador\Registro.cpp">
      <Filter>Source Files</Filter>
    </ClCompile>
    <ClCompile Include="ASMCompilador\SB.cpp">
      <Filter>Source Files</Filter>
    </ClCompile>
    <ClCompile Include="ASMCompilador\SL.cpp">
      <Filter>Source Files</Filter>
    </ClCompile>
    <ClCompile Include="ASMCompilador\SLT.cpp">
      <Filter>Source Files</Filter>
    </ClCompile>
    <ClCompile Include="ASMCompilador\SPC.cpp">
      <Filter>Source Files</Filter>
    </ClCompile>
    <ClCompile Include="ASMCompilador\SUB.cpp">
      <Filter>Source Files</Filter>
    </ClCompile>
    <ClCompile Include="ASMCompilador\Util.cpp">
      <Filter>Source Files</Filter>
    </ClCompile>
    <ClCompile Include="ASMCompilador\XOR.cpp">
      <Filter>Source Files</Filter>
    </ClCompile>
    <ClCompile Include="errores_forms.cpp">
      <Filter>Source Files</Filter>
    </ClCompile>
    <ClCompile Include="main.cpp">
      <Filter>Source Files</Filter>
    </ClCompile>
    <ClCompile Include="mainwindow.cpp">
      <Filter>Source Files</Filter>
    </ClCompile>
    <ClCompile Include="Debug\moc_errores_forms.cpp">
      <Filter>Generated Files\Debug</Filter>
    </ClCompile>
    <ClCompile Include="Release\moc_errores_forms.cpp">
      <Filter>Generated Files\Release</Filter>
    </ClCompile>
    <ClCompile Include="Debug\moc_mainwindow.cpp">
      <Filter>Generated Files\Debug</Filter>
    </ClCompile>
    <ClCompile Include="Release\moc_mainwindow.cpp">
      <Filter>Generated Files\Release</Filter>
    </ClCompile>
    <ClCompile Include="GeneratedFiles\qrc_resource.cpp">
      <Filter>Generated Files</Filter>
    </ClCompile>
  </ItemGroup>
  <ItemGroup>
    <ClInclude Include="ASMCompilador\ADD.h">
      <Filter>Header Files</Filter>
    </ClInclude>
    <ClInclude Include="ASMCompilador\AND.h">
      <Filter>Header Files</Filter>
    </ClInclude>
    <ClInclude Include="ASMCompilador\BRA.h">
      <Filter>Header Files</Filter>
    </ClInclude>
    <ClInclude Include="ASMCompilador\CMP.h">
      <Filter>Header Files</Filter>
    </ClInclude>
    <ClInclude Include="ASMCompilador\Compilable.h">
      <Filter>Header Files</Filter>
    </ClInclude>
    <ClInclude Include="ASMCompilador\Compilador.h">
      <Filter>Header Files</Filter>
    </ClInclude>
    <ClInclude Include="ASMCompilador\Error.h">
      <Filter>Header Files</Filter>
    </ClInclude>
    <ClInclude Include="ASMCompilador\Etiqueta.h">
      <Filter>Header Files</Filter>
    </ClInclude>
    <ClInclude Include="ASMCompilador\EtiquetaP.h">
      <Filter>Header Files</Filter>
    </ClInclude>
    <ClInclude Include="ASMCompilador\Instruccion.h">
      <Filter>Header Files</Filter>
    </ClInclude>
    <ClInclude Include="ASMCompilador\InstruccionFactory.h">
      <Filter>Header Files</Filter>
    </ClInclude>
    <ClInclude Include="ASMCompilador\JMP.h">
      <Filter>Header Files</Filter>
    </ClInclude>
    <ClInclude Include="ASMCompilador\JR.h">
      <Filter>Header Files</Filter>
    </ClInclude>
    <ClInclude Include="ASMCompilador\LB.h">
      <Filter>Header Files</Filter>
    </ClInclude>
    <ClInclude Include="ASMCompilador\LI.h">
      <Filter>Header Files</Filter>
    </ClInclude>
    <ClInclude Include="ASMCompilador\LUI.h">
      <Filter>Header Files</Filter>
    </ClInclude>
    <ClInclude Include="ASMCompilador\LabelManager.h">
      <Filter>Header Files</Filter>
    </ClInclude>
    <ClInclude Include="ASMCompilador\MOV.h">
      <Filter>Header Files</Filter>
    </ClInclude>
    <ClInclude Include="ASMCompilador\Numero.h">
      <Filter>Header Files</Filter>
    </ClInclude>
    <ClInclude Include="ASMCompilador\OR.h">
      <Filter>Header Files</Filter>
    </ClInclude>
    <ClInclude Include="ASMCompilador\ParameterFactory.h">
      <Filter>Header Files</Filter>
    </ClInclude>
    <ClInclude Include="ASMCompilador\Parametro.h">
      <Filter>Header Files</Filter>
    </ClInclude>
    <ClInclude Include="ASMCompilador\Registro.h">
      <Filter>Header Files</Filter>
    </ClInclude>
    <ClInclude Include="ASMCompilador\SB.h">
      <Filter>Header Files</Filter>
    </ClInclude>
    <ClInclude Include="ASMCompilador\SL.h">
      <Filter>Header Files</Filter>
    </ClInclude>
    <ClInclude Include="ASMCompilador\SLT.h">
      <Filter>Header Files</Filter>
    </ClInclude>
    <ClInclude Include="ASMCompilador\SPC.h">
      <Filter>Header Files</Filter>
    </ClInclude>
    <ClInclude Include="ASMCompilador\SUB.h">
      <Filter>Header Files</Filter>
    </ClInclude>
    <ClInclude Include="ASMCompilador\Util.h">
      <Filter>Header Files</Filter>
    </ClInclude>
    <ClInclude Include="ASMCompilador\XOR.h">
      <Filter>Header Files</Filter>
    </ClInclude>
    <CustomBuild Include="errores_forms.h">
      <Filter>Header Files</Filter>
    </CustomBuild>
    <CustomBuild Include="mainwindow.h">
      <Filter>Header Files</Filter>
    </CustomBuild>
    <ClInclude Include="GeneratedFiles\ui_errores_forms.h">
      <Filter>Generated Files</Filter>
    </ClInclude>
    <ClInclude Include="GeneratedFiles\ui_mainwindow.h">
      <Filter>Generated Files</Filter>
    </ClInclude>
  </ItemGroup>
  <ItemGroup>
    <CustomBuild Include="errores_forms.ui">
      <Filter>Form Files</Filter>
    </CustomBuild>
    <CustomBuild Include="mainwindow.ui">
      <Filter>Form Files</Filter>
    </CustomBuild>
  </ItemGroup>
  <ItemGroup>
    <None Include="img\Save.png">
      <Filter>Resource Files</Filter>
    </None>
    <None Include="img\Saveas.png">
      <Filter>Resource Files</Filter>
    </None>
    <None Include="img\about.png">
      <Filter>Resource Files</Filter>
    </None>
    <None Include="img\copy.png">
      <Filter>Resource Files</Filter>
    </None>
    <None Include="img\cut.png">
      <Filter>Resource Files</Filter>
    </None>
    <None Include="img\nuevo.png">
      <Filter>Resource Files</Filter>
    </None>
    <None Include="img\open.png">
      <Filter>Resource Files</Filter>
    </None>
    <None Include="img\paste.png">
      <Filter>Resource Files</Filter>
    </None>
    <None Include="img\print.png">
      <Filter>Resource Files</Filter>
    </None>
    <None Include="img\redo.png">
      <Filter>Resource Files</Filter>
    </None>
    <CustomBuild Include="resource.qrc">
      <Filter>Resource Files</Filter>
    </CustomBuild>
    <None Include="img\undo.png">
      <Filter>Resource Files</Filter>
    </None>
  </ItemGroup>
</Project>